
Microsoft Visual Studio Solution File, Format Version 12.00
# Visual Studio Version 17
VisualStudioVersion = 17.12.35707.178 d17.12
MinimumVisualStudioVersion = 10.0.40219.1
Project("{FAE04EC0-301F-11D3-BF4B-00C04F79EFBC}") = "UnitTestCourse.Introduction", "UnitTestCourse.Introduction\UnitTestCourse.Introduction.csproj", "{AC21AE48-3104-47B7-8FD7-008B86D6065F}"
EndProject
Global
	GlobalSection(SolutionConfigurationPlatforms) = preSolution
		Debug|Any CPU = Debug|Any CPU
		Release|Any CPU = Release|Any CPU
	EndGlobalSection
	GlobalSection(ProjectConfigurationPlatforms) = postSolution
		{AC21AE48-3104-47B7-8FD7-008B86D6065F}.Debug|Any CPU.ActiveCfg = Debug|Any CPU
		{AC21AE48-3104-47B7-8FD7-008B86D6065F}.Debug|Any CPU.Build.0 = Debug|Any CPU
		{AC21AE48-3104-47B7-8FD7-008B86D6065F}.Release|Any CPU.ActiveCfg = Release|Any CPU
		{AC21AE48-3104-47B7-8FD7-008B86D6065F}.Release|Any CPU.Build.0 = Release|Any CPU
	EndGlobalSection
	GlobalSection(SolutionProperties) = preSolution
		HideSolutionNode = FALSE
	EndGlobalSection
EndGlobal
